
Microsoft Visual Studio Solution File, Format Version 12.00
# Visual Studio Version 17
VisualStudioVersion = 17.0.31903.59
MinimumVisualStudioVersion = 10.0.40219.1
Project("{FAE04EC0-301F-11D3-BF4B-00C04F79EFBC}") = "BudgetApp.Main", "BudgetApp.Main\BudgetApp.Main.csproj", "{0045819D-E7F1-4D62-A42E-D339F52BACF7}"
EndProject
Project("{FAE04EC0-301F-11D3-BF4B-00C04F79EFBC}") = "BudgetApp.Logic", "BudgetApp.Logic\BudgetApp.Logic.csproj", "{79BD7316-4D52-4EFF-8440-0E11BF755D31}"
EndProject
Project("{FAE04EC0-301F-11D3-BF4B-00C04F79EFBC}") = "BudgetApp.Tests", "BudgetApp.Tests\BudgetApp.Tests.csproj", "{B48E04B2-875E-4276-8BB9-3843B4F9FDDC}"
EndProject
Project("{2150E333-8FDC-42A3-9474-1A3956D46DE8}") = "Solution Items", "Solution Items", "{02EA681E-C7D8-13C7-8484-4AC65E1B71E8}"
	ProjectSection(SolutionItems) = preProject
		.editorconfig = .editorconfig
	EndProjectSection
EndProject
Global
	GlobalSection(SolutionConfigurationPlatforms) = preSolution
		Debug|Any CPU = Debug|Any CPU
		Debug|x64 = Debug|x64
		Debug|x86 = Debug|x86
		Release|Any CPU = Release|Any CPU
		Release|x64 = Release|x64
		Release|x86 = Release|x86
	EndGlobalSection
	GlobalSection(ProjectConfigurationPlatforms) = postSolution
		{0045819D-E7F1-4D62-A42E-D339F52BACF7}.Debug|Any CPU.ActiveCfg = Debug|Any CPU
		{0045819D-E7F1-4D62-A42E-D339F52BACF7}.Debug|Any CPU.Build.0 = Debug|Any CPU
		{0045819D-E7F1-4D62-A42E-D339F52BACF7}.Debug|x64.ActiveCfg = Debug|Any CPU
		{0045819D-E7F1-4D62-A42E-D339F52BACF7}.Debug|x64.Build.0 = Debug|Any CPU
		{0045819D-E7F1-4D62-A42E-D339F52BACF7}.Debug|x86.ActiveCfg = Debug|Any CPU
		{0045819D-E7F1-4D62-A42E-D339F52BACF7}.Debug|x86.Build.0 = Debug|Any CPU
		{0045819D-E7F1-4D62-A42E-D339F52BACF7}.Release|Any CPU.ActiveCfg = Release|Any CPU
		{0045819D-E7F1-4D62-A42E-D339F52BACF7}.Release|Any CPU.Build.0 = Release|Any CPU
		{0045819D-E7F1-4D62-A42E-D339F52BACF7}.Release|x64.ActiveCfg = Release|Any CPU
		{0045819D-E7F1-4D62-A42E-D339F52BACF7}.Release|x64.Build.0 = Release|Any CPU
		{0045819D-E7F1-4D62-A42E-D339F52BACF7}.Release|x86.ActiveCfg = Release|Any CPU
		{0045819D-E7F1-4D62-A42E-D339F52BACF7}.Release|x86.Build.0 = Release|Any CPU
		{79BD7316-4D52-4EFF-8440-0E11BF755D31}.Debug|Any CPU.ActiveCfg = Debug|Any CPU
		{79BD7316-4D52-4EFF-8440-0E11BF755D31}.Debug|Any CPU.Build.0 = Debug|Any CPU
		{79BD7316-4D52-4EFF-8440-0E11BF755D31}.Debug|x64.ActiveCfg = Debug|Any CPU
		{79BD7316-4D52-4EFF-8440-0E11BF755D31}.Debug|x64.Build.0 = Debug|Any CPU
		{79BD7316-4D52-4EFF-8440-0E11BF755D31}.Debug|x86.ActiveCfg = Debug|Any CPU
		{79BD7316-4D52-4EFF-8440-0E11BF755D31}.Debug|x86.Build.0 = Debug|Any CPU
		{79BD7316-4D52-4EFF-8440-0E11BF755D31}.Release|Any CPU.ActiveCfg = Release|Any CPU
		{79BD7316-4D52-4EFF-8440-0E11BF755D31}.Release|Any CPU.Build.0 = Release|Any CPU
		{79BD7316-4D52-4EFF-8440-0E11BF755D31}.Release|x64.ActiveCfg = Release|Any CPU
		{79BD7316-4D52-4EFF-8440-0E11BF755D31}.Release|x64.Build.0 = Release|Any CPU
		{79BD7316-4D52-4EFF-8440-0E11BF755D31}.Release|x86.ActiveCfg = Release|Any CPU
		{79BD7316-4D52-4EFF-8440-0E11BF755D31}.Release|x86.Build.0 = Release|Any CPU
		{B48E04B2-875E-4276-8BB9-3843B4F9FDDC}.Debug|Any CPU.ActiveCfg = Debug|Any CPU
		{B48E04B2-875E-4276-8BB9-3843B4F9FDDC}.Debug|Any CPU.Build.0 = Debug|Any CPU
		{B48E04B2-875E-4276-8BB9-3843B4F9FDDC}.Debug|x64.ActiveCfg = Debug|Any CPU
		{B48E04B2-875E-4276-8BB9-3843B4F9FDDC}.Debug|x64.Build.0 = Debug|Any CPU
		{B48E04B2-875E-4276-8BB9-3843B4F9FDDC}.Debug|x86.ActiveCfg = Debug|Any CPU
		{B48E04B2-875E-4276-8BB9-3843B4F9FDDC}.Debug|x86.Build.0 = Debug|Any CPU
		{B48E04B2-875E-4276-8BB9-3843B4F9FDDC}.Release|Any CPU.ActiveCfg = Release|Any CPU
		{B48E04B2-875E-4276-8BB9-3843B4F9FDDC}.Release|Any CPU.Build.0 = Release|Any CPU
		{B48E04B2-875E-4276-8BB9-3843B4F9FDDC}.Release|x64.ActiveCfg = Release|Any CPU
		{B48E04B2-875E-4276-8BB9-3843B4F9FDDC}.Release|x64.Build.0 = Release|Any CPU
		{B48E04B2-875E-4276-8BB9-3843B4F9FDDC}.Release|x86.ActiveCfg = Release|Any CPU
		{B48E04B2-875E-4276-8BB9-3843B4F9FDDC}.Release|x86.Build.0 = Release|Any CPU
	EndGlobalSection
	GlobalSection(SolutionProperties) = preSolution
		HideSolutionNode = FALSE
	EndGlobalSection
EndGlobal
